
Microsoft Visual Studio Solution File, Format Version 12.00
# Visual Studio 15
VisualStudioVersion = 15.0.27004.2005
MinimumVisualStudioVersion = 10.0.40219.1
Project("{FAE04EC0-301F-11D3-BF4B-00C04F79EFBC}") = "DumpPostWeb", "DumpPostWeb\DumpPostWeb.csproj", "{73A1C6D6-F91A-46F3-9130-5B744288821B}"
EndProject
Global
	GlobalSection(SolutionConfigurationPlatforms) = preSolution
		Debug|Any CPU = Debug|Any CPU
		Release|Any CPU = Release|Any CPU
	EndGlobalSection
	GlobalSection(ProjectConfigurationPlatforms) = postSolution
		{73A1C6D6-F91A-46F3-9130-5B744288821B}.Debug|Any CPU.ActiveCfg = Debug|Any CPU
		{73A1C6D6-F91A-46F3-9130-5B744288821B}.Debug|Any CPU.Build.0 = Debug|Any CPU
		{73A1C6D6-F91A-46F3-9130-5B744288821B}.Release|Any CPU.ActiveCfg = Release|Any CPU
		{73A1C6D6-F91A-46F3-9130-5B744288821B}.Release|Any CPU.Build.0 = Release|Any CPU
	EndGlobalSection
	GlobalSection(SolutionProperties) = preSolution
		HideSolutionNode = FALSE
	EndGlobalSection
	GlobalSection(ExtensibilityGlobals) = postSolution
		SolutionGuid = {EF0B97AA-6C73-4BD1-BAA0-CA2218AA6BD7}
	EndGlobalSection
EndGlobal
